
Microsoft Visual Studio Solution File, Format Version 12.00
# Visual Studio 2015
Project("{FAE04EC0-301F-11D3-BF4B-00C04F79EFBC}") = "ApronShaderTest.CSharp", "ApronShaderTest.CSharp.csproj", "{9A0BB9DA-14A6-6724-1524-6D5221C82C99}"
EndProject
Project("{FAE04EC0-301F-11D3-BF4B-00C04F79EFBC}") = "ApronShaderTest.CSharp.Editor", "ApronShaderTest.CSharp.Editor.csproj", "{917F3966-1755-DF21-218F-2BC8CE93EAEF}"
EndProject
Global
	GlobalSection(SolutionConfigurationPlatforms) = preSolution
		Debug|Any CPU = Debug|Any CPU
		Release|Any CPU = Release|Any CPU
	EndGlobalSection
	GlobalSection(ProjectConfigurationPlatforms) = postSolution
		{9A0BB9DA-14A6-6724-1524-6D5221C82C99}.Debug|Any CPU.ActiveCfg = Debug|Any CPU
		{9A0BB9DA-14A6-6724-1524-6D5221C82C99}.Debug|Any CPU.Build.0 = Debug|Any CPU
		{9A0BB9DA-14A6-6724-1524-6D5221C82C99}.Release|Any CPU.ActiveCfg = Release|Any CPU
		{9A0BB9DA-14A6-6724-1524-6D5221C82C99}.Release|Any CPU.Build.0 = Release|Any CPU
		{917F3966-1755-DF21-218F-2BC8CE93EAEF}.Debug|Any CPU.ActiveCfg = Debug|Any CPU
		{917F3966-1755-DF21-218F-2BC8CE93EAEF}.Debug|Any CPU.Build.0 = Debug|Any CPU
		{917F3966-1755-DF21-218F-2BC8CE93EAEF}.Release|Any CPU.ActiveCfg = Release|Any CPU
		{917F3966-1755-DF21-218F-2BC8CE93EAEF}.Release|Any CPU.Build.0 = Release|Any CPU
	EndGlobalSection
	GlobalSection(SolutionProperties) = preSolution
		HideSolutionNode = FALSE
	EndGlobalSection
EndGlobal
